
Microsoft Visual Studio Solution File, Format Version 12.00
# Visual Studio Version 17
VisualStudioVersion = 17.6.33815.320
MinimumVisualStudioVersion = 10.0.40219.1
Project("{9A19103F-16F7-4668-BE54-9A1E7A4F7556}") = "LojaMvc", "LojaMvc\LojaMvc.csproj", "{AABCA1BA-5F78-42A6-9D92-E959DD20580B}"
EndProject
Project("{FAE04EC0-301F-11D3-BF4B-00C04F79EFBC}") = "LojaServicos", "LojaServicos\LojaServicos.csproj", "{B8A85640-952C-42D4-9119-0B01E9973A9C}"
EndProject
Project("{FAE04EC0-301F-11D3-BF4B-00C04F79EFBC}") = "LojaRepositorios", "LojaRepositorios\LojaRepositorios.csproj", "{060A3375-36B7-48A9-82BE-48E32ED7ACE8}"
EndProject
Project("{2150E333-8FDC-42A3-9474-1A3956D46DE8}") = "00 - Application", "00 - Application", "{30B23098-1E88-4B2D-A461-3F53F43DB382}"
EndProject
Project("{2150E333-8FDC-42A3-9474-1A3956D46DE8}") = "01 - Services", "01 - Services", "{1AD97A67-2DC3-456B-9AA2-40192932C859}"
EndProject
Project("{2150E333-8FDC-42A3-9474-1A3956D46DE8}") = "02 - Repositories", "02 - Repositories", "{64903FBD-BF8D-45E1-B3C5-357901A7AB96}"
EndProject
Global
	GlobalSection(SolutionConfigurationPlatforms) = preSolution
		Debug|Any CPU = Debug|Any CPU
		Release|Any CPU = Release|Any CPU
	EndGlobalSection
	GlobalSection(ProjectConfigurationPlatforms) = postSolution
		{AABCA1BA-5F78-42A6-9D92-E959DD20580B}.Debug|Any CPU.ActiveCfg = Debug|Any CPU
		{AABCA1BA-5F78-42A6-9D92-E959DD20580B}.Debug|Any CPU.Build.0 = Debug|Any CPU
		{AABCA1BA-5F78-42A6-9D92-E959DD20580B}.Release|Any CPU.ActiveCfg = Release|Any CPU
		{AABCA1BA-5F78-42A6-9D92-E959DD20580B}.Release|Any CPU.Build.0 = Release|Any CPU
		{B8A85640-952C-42D4-9119-0B01E9973A9C}.Debug|Any CPU.ActiveCfg = Debug|Any CPU
		{B8A85640-952C-42D4-9119-0B01E9973A9C}.Debug|Any CPU.Build.0 = Debug|Any CPU
		{B8A85640-952C-42D4-9119-0B01E9973A9C}.Release|Any CPU.ActiveCfg = Release|Any CPU
		{B8A85640-952C-42D4-9119-0B01E9973A9C}.Release|Any CPU.Build.0 = Release|Any CPU
		{060A3375-36B7-48A9-82BE-48E32ED7ACE8}.Debug|Any CPU.ActiveCfg = Debug|Any CPU
		{060A3375-36B7-48A9-82BE-48E32ED7ACE8}.Debug|Any CPU.Build.0 = Debug|Any CPU
		{060A3375-36B7-48A9-82BE-48E32ED7ACE8}.Release|Any CPU.ActiveCfg = Release|Any CPU
		{060A3375-36B7-48A9-82BE-48E32ED7ACE8}.Release|Any CPU.Build.0 = Release|Any CPU
	EndGlobalSection
	GlobalSection(SolutionProperties) = preSolution
		HideSolutionNode = FALSE
	EndGlobalSection
	GlobalSection(NestedProjects) = preSolution
		{AABCA1BA-5F78-42A6-9D92-E959DD20580B} = {30B23098-1E88-4B2D-A461-3F53F43DB382}
		{B8A85640-952C-42D4-9119-0B01E9973A9C} = {1AD97A67-2DC3-456B-9AA2-40192932C859}
		{060A3375-36B7-48A9-82BE-48E32ED7ACE8} = {64903FBD-BF8D-45E1-B3C5-357901A7AB96}
	EndGlobalSection
	GlobalSection(ExtensibilityGlobals) = postSolution
		SolutionGuid = {B308BB4E-F568-4BD4-8BC6-53A985DB1B7F}
	EndGlobalSection
EndGlobal
